
Microsoft Visual Studio Solution File, Format Version 12.00
# Visual Studio Version 16
VisualStudioVersion = 16.0.30413.136
MinimumVisualStudioVersion = 10.0.40219.1
Project("{FAE04EC0-301F-11D3-BF4B-00C04F79EFBC}") = "EFCoreDataFirstOracle", "EFCoreDataFirstOracle.csproj", "{D9853CF6-A71D-437D-8AB8-CEB4C4F33993}"
EndProject
Global
	GlobalSection(SolutionConfigurationPlatforms) = preSolution
		Debug|Any CPU = Debug|Any CPU
		Release|Any CPU = Release|Any CPU
	EndGlobalSection
	GlobalSection(ProjectConfigurationPlatforms) = postSolution
		{D9853CF6-A71D-437D-8AB8-CEB4C4F33993}.Debug|Any CPU.ActiveCfg = Debug|Any CPU
		{D9853CF6-A71D-437D-8AB8-CEB4C4F33993}.Debug|Any CPU.Build.0 = Debug|Any CPU
		{D9853CF6-A71D-437D-8AB8-CEB4C4F33993}.Release|Any CPU.ActiveCfg = Release|Any CPU
		{D9853CF6-A71D-437D-8AB8-CEB4C4F33993}.Release|Any CPU.Build.0 = Release|Any CPU
	EndGlobalSection
	GlobalSection(SolutionProperties) = preSolution
		HideSolutionNode = FALSE
	EndGlobalSection
	GlobalSection(ExtensibilityGlobals) = postSolution
		SolutionGuid = {A6F9DC94-22D4-4619-BC3A-CB43DF823A98}
	EndGlobalSection
EndGlobal
